lockfileVersion: '9.0'

settings:
  autoInstallPeers: true
  excludeLinksFromLockfile: false

importers:

  .:
    devDependencies:
      tailwindcss:
        specifier: ^4.1.18
        version: 4.3.2

packages:

  tailwindcss@4.3.2:
    resolution: {integrity: sha512-WtctNNSH8A9jlMIqxzuYumOHU5uGZyRv0Q5svQl+oEPy5w84YpBxdb7MdqyiSPQge5jTJ6zFQLq0PFygdccSBA==}

snapshots:

  tailwindcss@4.3.2: {}
